
Microsoft Visual Studio Solution File, Format Version 12.00
# Visual Studio Version 16
VisualStudioVersion = 16.0.31112.23
MinimumVisualStudioVersion = 10.0.40219.1
Project("{9A19103F-16F7-4668-BE54-9A1E7A4F7556}") = "Entities", "Entities\Entities.csproj", "{138EDB8A-2038-4193-B9BF-4C84F7C2C66B}"
EndProject
Project("{9A19103F-16F7-4668-BE54-9A1E7A4F7556}") = "DataAccess", "DataAccess\DataAccess.csproj", "{2641C2C3-D762-4C41-975C-FACC6697CC9D}"
EndProject
Project("{9A19103F-16F7-4668-BE54-9A1E7A4F7556}") = "Business", "Business\Business.csproj", "{5F186162-5F64-4BE0-AAE1-D9B2FCA5888F}"
EndProject
Project("{9A19103F-16F7-4668-BE54-9A1E7A4F7556}") = "ConsoleUI", "ConsoleUI\ConsoleUI.csproj", "{7664ACD0-AA10-4A00-8E40-B10574A1E530}"
EndProject
Project("{9A19103F-16F7-4668-BE54-9A1E7A4F7556}") = "Core", "Core\Core.csproj", "{DCA7D6B8-07F2-4366-B8E0-0DF50A8C7006}"
EndProject
Project("{FAE04EC0-301F-11D3-BF4B-00C04F79EFBC}") = "WebAPI", "WebAPI\WebAPI.csproj", "{3730BF6D-E500-41B2-8292-2F3AC5D05475}"
EndProject
Global
	GlobalSection(SolutionConfigurationPlatforms) = preSolution
		Debug|Any CPU = Debug|Any CPU
		Release|Any CPU = Release|Any CPU
	EndGlobalSection
	GlobalSection(ProjectConfigurationPlatforms) = postSolution
		{138EDB8A-2038-4193-B9BF-4C84F7C2C66B}.Debug|Any CPU.ActiveCfg = Debug|Any CPU
		{138EDB8A-2038-4193-B9BF-4C84F7C2C66B}.Debug|Any CPU.Build.0 = Debug|Any CPU
		{138EDB8A-2038-4193-B9BF-4C84F7C2C66B}.Release|Any CPU.ActiveCfg = Release|Any CPU
		{138EDB8A-2038-4193-B9BF-4C84F7C2C66B}.Release|Any CPU.Build.0 = Release|Any CPU
		{2641C2C3-D762-4C41-975C-FACC6697CC9D}.Debug|Any CPU.ActiveCfg = Debug|Any CPU
		{2641C2C3-D762-4C41-975C-FACC6697CC9D}.Debug|Any CPU.Build.0 = Debug|Any CPU
		{2641C2C3-D762-4C41-975C-FACC6697CC9D}.Release|Any CPU.ActiveCfg = Release|Any CPU
		{2641C2C3-D762-4C41-975C-FACC6697CC9D}.Release|Any CPU.Build.0 = Release|Any CPU
		{5F186162-5F64-4BE0-AAE1-D9B2FCA5888F}.Debug|Any CPU.ActiveCfg = Debug|Any CPU
		{5F186162-5F64-4BE0-AAE1-D9B2FCA5888F}.Debug|Any CPU.Build.0 = Debug|Any CPU
		{5F186162-5F64-4BE0-AAE1-D9B2FCA5888F}.Release|Any CPU.ActiveCfg = Release|Any CPU
		{5F186162-5F64-4BE0-AAE1-D9B2FCA5888F}.Release|Any CPU.Build.0 = Release|Any CPU
		{7664ACD0-AA10-4A00-8E40-B10574A1E530}.Debug|Any CPU.ActiveCfg = Debug|Any CPU
		{7664ACD0-AA10-4A00-8E40-B10574A1E530}.Debug|Any CPU.Build.0 = Debug|Any CPU
		{7664ACD0-AA10-4A00-8E40-B10574A1E530}.Release|Any CPU.ActiveCfg = Release|Any CPU
		{7664ACD0-AA10-4A00-8E40-B10574A1E530}.Release|Any CPU.Build.0 = Release|Any CPU
		{DCA7D6B8-07F2-4366-B8E0-0DF50A8C7006}.Debug|Any CPU.ActiveCfg = Debug|Any CPU
		{DCA7D6B8-07F2-4366-B8E0-0DF50A8C7006}.Debug|Any CPU.Build.0 = Debug|Any CPU
		{DCA7D6B8-07F2-4366-B8E0-0DF50A8C7006}.Release|Any CPU.ActiveCfg = Release|Any CPU
		{DCA7D6B8-07F2-4366-B8E0-0DF50A8C7006}.Release|Any CPU.Build.0 = Release|Any CPU
		{3730BF6D-E500-41B2-8292-2F3AC5D05475}.Debug|Any CPU.ActiveCfg = Debug|Any CPU
		{3730BF6D-E500-41B2-8292-2F3AC5D05475}.Debug|Any CPU.Build.0 = Debug|Any CPU
		{3730BF6D-E500-41B2-8292-2F3AC5D05475}.Release|Any CPU.ActiveCfg = Release|Any CPU
		{3730BF6D-E500-41B2-8292-2F3AC5D05475}.Release|Any CPU.Build.0 = Release|Any CPU
	EndGlobalSection
	GlobalSection(SolutionProperties) = preSolution
		HideSolutionNode = FALSE
	EndGlobalSection
	GlobalSection(ExtensibilityGlobals) = postSolution
		SolutionGuid = {CCFC7991-D8CC-4400-AAAF-AE7A3D1B43CD}
	EndGlobalSection
EndGlobal
