
Microsoft Visual Studio Solution File, Format Version 12.00
# Visual Studio Version 16
VisualStudioVersion = 16.0.31112.23
MinimumVisualStudioVersion = 10.0.40219.1
Project("{FAE04EC0-301F-11D3-BF4B-00C04F79EFBC}") = "Entities", "Entities\Entities.csproj", "{138EDB8A-2038-4193-B9BF-4C84F7C2C66B}"
EndProject
Project("{FAE04EC0-301F-11D3-BF4B-00C04F79EFBC}") = "DataAccess", "DataAccess\DataAccess.csproj", "{2641C2C3-D762-4C41-975C-FACC6697CC9D}"
EndProject
Project("{FAE04EC0-301F-11D3-BF4B-00C04F79EFBC}") = "Business", "Business\Business.csproj", "{5F186162-5F64-4BE0-AAE1-D9B2FCA5888F}"
EndProject
Project("{FAE04EC0-301F-11D3-BF4B-00C04F79EFBC}") = "ConsoleUI", "ConsoleUI\ConsoleUI.csproj", "{7664ACD0-AA10-4A00-8E40-B10574A1E530}"
EndProject
Global
	GlobalSection(SolutionConfigurationPlatforms) = preSolution
		Debug|Any CPU = Debug|Any CPU
		Release|Any CPU = Release|Any CPU
	EndGlobalSection
	GlobalSection(ProjectConfigurationPlatforms) = postSolution
		{138EDB8A-2038-4193-B9BF-4C84F7C2C66B}.Debug|Any CPU.ActiveCfg = Debug|Any CPU
		{138EDB8A-2038-4193-B9BF-4C84F7C2C66B}.Debug|Any CPU.Build.0 = Debug|Any CPU
		{138EDB8A-2038-4193-B9BF-4C84F7C2C66B}.Release|Any CPU.ActiveCfg = Release|Any CPU
		{138EDB8A-2038-4193-B9BF-4C84F7C2C66B}.Release|Any CPU.Build.0 = Release|Any CPU
		{2641C2C3-D762-4C41-975C-FACC6697CC9D}.Debug|Any CPU.ActiveCfg = Debug|Any CPU
		{2641C2C3-D762-4C41-975C-FACC6697CC9D}.Debug|Any CPU.Build.0 = Debug|Any CPU
		{2641C2C3-D762-4C41-975C-FACC6697CC9D}.Release|Any CPU.ActiveCfg = Release|Any CPU
		{2641C2C3-D762-4C41-975C-FACC6697CC9D}.Release|Any CPU.Build.0 = Release|Any CPU
		{5F186162-5F64-4BE0-AAE1-D9B2FCA5888F}.Debug|Any CPU.ActiveCfg = Debug|Any CPU
		{5F186162-5F64-4BE0-AAE1-D9B2FCA5888F}.Debug|Any CPU.Build.0 = Debug|Any CPU
		{5F186162-5F64-4BE0-AAE1-D9B2FCA5888F}.Release|Any CPU.ActiveCfg = Release|Any CPU
		{5F186162-5F64-4BE0-AAE1-D9B2FCA5888F}.Release|Any CPU.Build.0 = Release|Any CPU
		{7664ACD0-AA10-4A00-8E40-B10574A1E530}.Debug|Any CPU.ActiveCfg = Debug|Any CPU
		{7664ACD0-AA10-4A00-8E40-B10574A1E530}.Debug|Any CPU.Build.0 = Debug|Any CPU
		{7664ACD0-AA10-4A00-8E40-B10574A1E530}.Release|Any CPU.ActiveCfg = Release|Any CPU
		{7664ACD0-AA10-4A00-8E40-B10574A1E530}.Release|Any CPU.Build.0 = Release|Any CPU
	EndGlobalSection
	GlobalSection(SolutionProperties) = preSolution
		HideSolutionNode = FALSE
	EndGlobalSection
	GlobalSection(ExtensibilityGlobals) = postSolution
		SolutionGuid = {CCFC7991-D8CC-4400-AAAF-AE7A3D1B43CD}
	EndGlobalSection
EndGlobal
